
Microsoft Visual Studio Solution File, Format Version 12.00
# Visual Studio Version 17
VisualStudioVersion = 17.7.34024.191
MinimumVisualStudioVersion = 10.0.40219.1
Project("{9A19103F-16F7-4668-BE54-9A1E7A4F7556}") = "ContactManager.App", "ContactManager.App\ContactManager.App.csproj", "{2373281C-A1DA-48E0-9DB2-30301C34B187}"
EndProject
Project("{FAE04EC0-301F-11D3-BF4B-00C04F79EFBC}") = "ContactManager.BAL", "ContactManager.BAL\ContactManager.BAL.csproj", "{2190AF9F-06BF-4C48-A8E2-347DDBD31AF4}"
EndProject
Project("{FAE04EC0-301F-11D3-BF4B-00C04F79EFBC}") = "ContactManager.DAL", "ContactManager.DAL\ContactManager.DAL.csproj", "{2FA42DB5-3498-41F0-8ACA-8917FC292896}"
EndProject
Global
	GlobalSection(SolutionConfigurationPlatforms) = preSolution
		Debug|Any CPU = Debug|Any CPU
		Release|Any CPU = Release|Any CPU
	EndGlobalSection
	GlobalSection(ProjectConfigurationPlatforms) = postSolution
		{2373281C-A1DA-48E0-9DB2-30301C34B187}.Debug|Any CPU.ActiveCfg = Debug|Any CPU
		{2373281C-A1DA-48E0-9DB2-30301C34B187}.Debug|Any CPU.Build.0 = Debug|Any CPU
		{2373281C-A1DA-48E0-9DB2-30301C34B187}.Release|Any CPU.ActiveCfg = Release|Any CPU
		{2373281C-A1DA-48E0-9DB2-30301C34B187}.Release|Any CPU.Build.0 = Release|Any CPU
		{2190AF9F-06BF-4C48-A8E2-347DDBD31AF4}.Debug|Any CPU.ActiveCfg = Debug|Any CPU
		{2190AF9F-06BF-4C48-A8E2-347DDBD31AF4}.Debug|Any CPU.Build.0 = Debug|Any CPU
		{2190AF9F-06BF-4C48-A8E2-347DDBD31AF4}.Release|Any CPU.ActiveCfg = Release|Any CPU
		{2190AF9F-06BF-4C48-A8E2-347DDBD31AF4}.Release|Any CPU.Build.0 = Release|Any CPU
		{2FA42DB5-3498-41F0-8ACA-8917FC292896}.Debug|Any CPU.ActiveCfg = Debug|Any CPU
		{2FA42DB5-3498-41F0-8ACA-8917FC292896}.Debug|Any CPU.Build.0 = Debug|Any CPU
		{2FA42DB5-3498-41F0-8ACA-8917FC292896}.Release|Any CPU.ActiveCfg = Release|Any CPU
		{2FA42DB5-3498-41F0-8ACA-8917FC292896}.Release|Any CPU.Build.0 = Release|Any CPU
	EndGlobalSection
	GlobalSection(SolutionProperties) = preSolution
		HideSolutionNode = FALSE
	EndGlobalSection
	GlobalSection(ExtensibilityGlobals) = postSolution
		SolutionGuid = {4CEEC75E-9705-442B-A247-E5475E676AD6}
	EndGlobalSection
EndGlobal
